// !$*UTF8*$!
{
	archiveVersion = 1;
	classes = {
	};
	objectVersion = 77;
	objects = {

/* Begin PBXBuildFile section */
		20F93663959B5ECFD48E7413 /* RackGraphModels.swift in Sources */ = {isa = PBXBuildFile; fileRef = BA182B01CE6C2EEFAEADC7D6 /* RackGraphModels.swift */; };
		2354FC4C98274ABA22FA7106 /* ContentView.swift in Sources */ = {isa = PBXBuildFile; fileRef = 28675BAE68D8879459413F66 /* ContentView.swift */; };
		3BB4AFCC60532523E7402291 /* RealtimeParameterStore.c in Sources */ = {isa = PBXBuildFile; fileRef = B40B3C1E07918B1287547401 /* RealtimeParameterStore.c */; };
		4B9418234FB01F4F8F195077 /* PluginCatalogTests.swift in Sources */ = {isa = PBXBuildFile; fileRef = D4503684B90905952A34E4D7 /* PluginCatalogTests.swift */; };
		569B1B546E9B72EFB1D58C31 /* Tokens.swift in Sources */ = {isa = PBXBuildFile; fileRef = FA61BBAE12D4B23B3EB8CA69 /* Tokens.swift */; };
		65183B1061757A31E4007FC3 /* PluginEditorHost.swift in Sources */ = {isa = PBXBuildFile; fileRef = 5E6835C13BA2C54FF33B694D /* PluginEditorHost.swift */; };
		66E4377379BDD1C4F68ECFC8 /* MainViewModel.swift in Sources */ = {isa = PBXBuildFile; fileRef = C8F941FCD644F3B96C4DE5FE /* MainViewModel.swift */; };
		6BC379D5AA3485168BD165CB /* AudioDeviceCatalog.swift in Sources */ = {isa = PBXBuildFile; fileRef = C6CD459329D723A97F99CE8C /* AudioDeviceCatalog.swift */; };
		6FEC68C99CE59A67E1D871A0 /* VirtualMicRingBuffer.c in Sources */ = {isa = PBXBuildFile; fileRef = BAF6D389B6DCF4D9B0FDFA1B /* VirtualMicRingBuffer.c */; };
		791E477A00E6F8C2D01CFE4F /* RackGraphTests.swift in Sources */ = {isa = PBXBuildFile; fileRef = 006FD0214456F05D1F9E6170 /* RackGraphTests.swift */; };
		80CD825E6C1E57493AB2854A /* Typography.swift in Sources */ = {isa = PBXBuildFile; fileRef = 91980F12A4B41D8073E7940C /* Typography.swift */; };
		83DA0AF07F2CDB8143668ADA /* PluginCatalog.swift in Sources */ = {isa = PBXBuildFile; fileRef = FB0BBFF410DD160CA9B6C358 /* PluginCatalog.swift */; };
		8B9A098EF2D50BB0D8CEF04C /* Spacing.swift in Sources */ = {isa = PBXBuildFile; fileRef = 60FFB8286B4F5A536D53B6B7 /* Spacing.swift */; };
		8DB43DE20DB766F408B102DE /* AudioEngineController.swift in Sources */ = {isa = PBXBuildFile; fileRef = 7F77E83761610A2E6C57A7CD /* AudioEngineController.swift */; };
		9B531001B7B051115962A760 /* VirtualMicRingBuffer.c in Sources */ = {isa = PBXBuildFile; fileRef = BAF6D389B6DCF4D9B0FDFA1B /* VirtualMicRingBuffer.c */; };
		9DC74D0EE4FDEF0123A25954 /* Assets.xcassets in Resources */ = {isa = PBXBuildFile; fileRef = C071303F155CED1BE25884F8 /* Assets.xcassets */; };
		BE6B85D7A6A22283546A2330 /* PresetStore.swift in Sources */ = {isa = PBXBuildFile; fileRef = 7AB92B8ECC8CFECB0DE04D15 /* PresetStore.swift */; };
		C11A6AC496B41395F41CD6CA /* MacAudioApp.swift in Sources */ = {isa = PBXBuildFile; fileRef = 875AA1DB05CFA642E4EACD32 /* MacAudioApp.swift */; };
		CAFE913A433AE15D1815C876 /* VirtualMicDriver.c in Sources */ = {isa = PBXBuildFile; fileRef = 10406B201EEC1D494DE3E629 /* VirtualMicDriver.c */; };
		DD6AAFC5D9A09261C307BB53 /* Materials.swift in Sources */ = {isa = PBXBuildFile; fileRef = 1D3DC0090D79DE858859B98A /* Materials.swift */; };
		DE92F390E75660CFB0B06882 /* VoiceProcessingSettings.swift in Sources */ = {isa = PBXBuildFile; fileRef = 542D40D2B3FEBBDBEAB81E64 /* VoiceProcessingSettings.swift */; };
		F412A5B0CB1810D860453B6D /* RealtimeParameterStore.c in Sources */ = {isa = PBXBuildFile; fileRef = B40B3C1E07918B1287547401 /* RealtimeParameterStore.c */; };
		F48086397AD374C2D39A3E1F /* ManualPluginPathStore.swift in Sources */ = {isa = PBXBuildFile; fileRef = DDA980CD58E30DC81C71C24C /* ManualPluginPathStore.swift */; };
		F801C423E82C7DFD6D6D3C76 /* DSPChain.c in Sources */ = {isa = PBXBuildFile; fileRef = BDA7698BDE090CF4623EA25E /* DSPChain.c */; };
/* End PBXBuildFile section */

/* Begin PBXContainerItemProxy section */
		56E4E092BAA92F3D239F68B5 /* PBXContainerItemProxy */ = {
			isa = PBXContainerItemProxy;
			containerPortal = 3489115535AE1E3BB478EC61 /* Project object */;
			proxyType = 1;
			remoteGlobalIDString = F11BFB7491618FE4E31285BB;
			remoteInfo = MacAudioApp;
		};
/* End PBXContainerItemProxy section */

/* Begin PBXFileReference section */
		006FD0214456F05D1F9E6170 /* RackGraphTests.swift */ = {isa = PBXFileReference; lastKnownFileType = sourcecode.swift; path = RackGraphTests.swift; sourceTree = "<group>"; };
		10406B201EEC1D494DE3E629 /* VirtualMicDriver.c */ = {isa = PBXFileReference; lastKnownFileType = sourcecode.c.c; path = VirtualMicDriver.c; sourceTree = "<group>"; };
		1B3FEEA028DDC9E01F402EB6 /* VirtualMicDriver.bundle */ = {isa = PBXFileReference; explicitFileType = wrapper.cfbundle; includeInIndex = 0; path = VirtualMicDriver.bundle; sourceTree = BUILT_PRODUCTS_DIR; };
		1D3DC0090D79DE858859B98A /* Materials.swift */ = {isa = PBXFileReference; lastKnownFileType = sourcecode.swift; path = Materials.swift; sourceTree = "<group>"; };
		28675BAE68D8879459413F66 /* ContentView.swift */ = {isa = PBXFileReference; lastKnownFileType = sourcecode.swift; path = ContentView.swift; sourceTree = "<group>"; };
		2DA59B02134638DE1D457A5D /* VirtualMicRingBuffer.h */ = {isa = PBXFileReference; lastKnownFileType = sourcecode.c.h; path = VirtualMicRingBuffer.h; sourceTree = "<group>"; };
		542D40D2B3FEBBDBEAB81E64 /* VoiceProcessingSettings.swift */ = {isa = PBXFileReference; lastKnownFileType = sourcecode.swift; path = VoiceProcessingSettings.swift; sourceTree = "<group>"; };
		5E6835C13BA2C54FF33B694D /* PluginEditorHost.swift */ = {isa = PBXFileReference; lastKnownFileType = sourcecode.swift; path = PluginEditorHost.swift; sourceTree = "<group>"; };
		60FFB8286B4F5A536D53B6B7 /* Spacing.swift */ = {isa = PBXFileReference; lastKnownFileType = sourcecode.swift; path = Spacing.swift; sourceTree = "<group>"; };
		75BBC5AE554B872BD207F2A4 /* DSPChain.h */ = {isa = PBXFileReference; lastKnownFileType = sourcecode.c.h; path = DSPChain.h; sourceTree = "<group>"; };
		7AB92B8ECC8CFECB0DE04D15 /* PresetStore.swift */ = {isa = PBXFileReference; lastKnownFileType = sourcecode.swift; path = PresetStore.swift; sourceTree = "<group>"; };
		7F77E83761610A2E6C57A7CD /* AudioEngineController.swift */ = {isa = PBXFileReference; lastKnownFileType = sourcecode.swift; path = AudioEngineController.swift; sourceTree = "<group>"; };
		875AA1DB05CFA642E4EACD32 /* MacAudioApp.swift */ = {isa = PBXFileReference; lastKnownFileType = sourcecode.swift; path = MacAudioApp.swift; sourceTree = "<group>"; };
		91980F12A4B41D8073E7940C /* Typography.swift */ = {isa = PBXFileReference; lastKnownFileType = sourcecode.swift; path = Typography.swift; sourceTree = "<group>"; };
		A01538671F2669D96208CA04 /* MacAudioTests.xctest */ = {isa = PBXFileReference; explicitFileType = wrapper.cfbundle; includeInIndex = 0; path = MacAudioTests.xctest; sourceTree = BUILT_PRODUCTS_DIR; };
		A99B998E3863A3441192553A /* MacAudioApp.app */ = {isa = PBXFileReference; explicitFileType = wrapper.application; includeInIndex = 0; path = MacAudioApp.app; sourceTree = BUILT_PRODUCTS_DIR; };
		B28188E226E07ADE95A7C3F8 /* RealtimeParameterStore.h */ = {isa = PBXFileReference; lastKnownFileType = sourcecode.c.h; path = RealtimeParameterStore.h; sourceTree = "<group>"; };
		B40B3C1E07918B1287547401 /* RealtimeParameterStore.c */ = {isa = PBXFileReference; lastKnownFileType = sourcecode.c.c; path = RealtimeParameterStore.c; sourceTree = "<group>"; };
		BA182B01CE6C2EEFAEADC7D6 /* RackGraphModels.swift */ = {isa = PBXFileReference; lastKnownFileType = sourcecode.swift; path = RackGraphModels.swift; sourceTree = "<group>"; };
		BAF6D389B6DCF4D9B0FDFA1B /* VirtualMicRingBuffer.c */ = {isa = PBXFileReference; lastKnownFileType = sourcecode.c.c; path = VirtualMicRingBuffer.c; sourceTree = "<group>"; };
		BDA7698BDE090CF4623EA25E /* DSPChain.c */ = {isa = PBXFileReference; lastKnownFileType = sourcecode.c.c; path = DSPChain.c; sourceTree = "<group>"; };
		C071303F155CED1BE25884F8 /* Assets.xcassets */ = {isa = PBXFileReference; lastKnownFileType = folder.assetcatalog; path = Assets.xcassets; sourceTree = "<group>"; };
		C6CD459329D723A97F99CE8C /* AudioDeviceCatalog.swift */ = {isa = PBXFileReference; lastKnownFileType = sourcecode.swift; path = AudioDeviceCatalog.swift; sourceTree = "<group>"; };
		C8F941FCD644F3B96C4DE5FE /* MainViewModel.swift */ = {isa = PBXFileReference; lastKnownFileType = sourcecode.swift; path = MainViewModel.swift; sourceTree = "<group>"; };
		D4503684B90905952A34E4D7 /* PluginCatalogTests.swift */ = {isa = PBXFileReference; lastKnownFileType = sourcecode.swift; path = PluginCatalogTests.swift; sourceTree = "<group>"; };
		DDA980CD58E30DC81C71C24C /* ManualPluginPathStore.swift */ = {isa = PBXFileReference; lastKnownFileType = sourcecode.swift; path = ManualPluginPathStore.swift; sourceTree = "<group>"; };
		FA61BBAE12D4B23B3EB8CA69 /* Tokens.swift */ = {isa = PBXFileReference; lastKnownFileType = sourcecode.swift; path = Tokens.swift; sourceTree = "<group>"; };
		FB0BBFF410DD160CA9B6C358 /* PluginCatalog.swift */ = {isa = PBXFileReference; lastKnownFileType = sourcecode.swift; path = PluginCatalog.swift; sourceTree = "<group>"; };
		FB56F67A0692B624FB2EAD15 /* MacAudio-Bridging-Header.h */ = {isa = PBXFileReference; lastKnownFileType = sourcecode.c.h; path = "MacAudio-Bridging-Header.h"; sourceTree = "<group>"; };
/* End PBXFileReference section */

/* Begin PBXGroup section */
		0AAD2619E99632FE61358D3B /* AudioEngine */ = {
			isa = PBXGroup;
			children = (
				C6CD459329D723A97F99CE8C /* AudioDeviceCatalog.swift */,
				7F77E83761610A2E6C57A7CD /* AudioEngineController.swift */,
				FB0BBFF410DD160CA9B6C358 /* PluginCatalog.swift */,
				542D40D2B3FEBBDBEAB81E64 /* VoiceProcessingSettings.swift */,
			);
			path = AudioEngine;
			sourceTree = "<group>";
		};
		21A7BD11249769FC5DF633B3 /* DesignSystem */ = {
			isa = PBXGroup;
			children = (
				1D3DC0090D79DE858859B98A /* Materials.swift */,
				60FFB8286B4F5A536D53B6B7 /* Spacing.swift */,
				FA61BBAE12D4B23B3EB8CA69 /* Tokens.swift */,
				91980F12A4B41D8073E7940C /* Typography.swift */,
			);
			path = DesignSystem;
			sourceTree = "<group>";
		};
		2AE72CD1AF856E7A0F82905F /* Tests */ = {
			isa = PBXGroup;
			children = (
				D4503684B90905952A34E4D7 /* PluginCatalogTests.swift */,
				006FD0214456F05D1F9E6170 /* RackGraphTests.swift */,
			);
			path = Tests;
			sourceTree = "<group>";
		};
		479735FD9333E41B1D6D3240 = {
			isa = PBXGroup;
			children = (
				D66EDFC5EBEF67E21E5D2952 /* App */,
				0AAD2619E99632FE61358D3B /* AudioEngine */,
				E53BCFB8425297D3F3732E7E /* Driver */,
				768E1B462EB54455E1590171 /* include */,
				55130B2D5939BE9141E1FAF7 /* include */,
				72FEA11B3CEE3A92CF2AE3E9 /* Sources */,
				BEB92081FCE77C43450FAFC6 /* Sources */,
				2AE72CD1AF856E7A0F82905F /* Tests */,
				83C330AF51281F27D968A179 /* Products */,
			);
			sourceTree = "<group>";
		};
		55130B2D5939BE9141E1FAF7 /* include */ = {
			isa = PBXGroup;
			children = (
				B28188E226E07ADE95A7C3F8 /* RealtimeParameterStore.h */,
				2DA59B02134638DE1D457A5D /* VirtualMicRingBuffer.h */,
			);
			name = include;
			path = Shared/include;
			sourceTree = "<group>";
		};
		72FEA11B3CEE3A92CF2AE3E9 /* Sources */ = {
			isa = PBXGroup;
			children = (
				BDA7698BDE090CF4623EA25E /* DSPChain.c */,
			);
			name = Sources;
			path = DSP/Sources;
			sourceTree = "<group>";
		};
		768E1B462EB54455E1590171 /* include */ = {
			isa = PBXGroup;
			children = (
				75BBC5AE554B872BD207F2A4 /* DSPChain.h */,
			);
			name = include;
			path = DSP/include;
			sourceTree = "<group>";
		};
		83C330AF51281F27D968A179 /* Products */ = {
			isa = PBXGroup;
			children = (
				A99B998E3863A3441192553A /* MacAudioApp.app */,
				A01538671F2669D96208CA04 /* MacAudioTests.xctest */,
				1B3FEEA028DDC9E01F402EB6 /* VirtualMicDriver.bundle */,
			);
			name = Products;
			sourceTree = "<group>";
		};
		B4DF41F31146180C5A8AA05E /* UI */ = {
			isa = PBXGroup;
			children = (
				21A7BD11249769FC5DF633B3 /* DesignSystem */,
			);
			path = UI;
			sourceTree = "<group>";
		};
		BEB92081FCE77C43450FAFC6 /* Sources */ = {
			isa = PBXGroup;
			children = (
				B40B3C1E07918B1287547401 /* RealtimeParameterStore.c */,
				BAF6D389B6DCF4D9B0FDFA1B /* VirtualMicRingBuffer.c */,
			);
			name = Sources;
			path = Shared/Sources;
			sourceTree = "<group>";
		};
		C1F5C28F655EB8ECC919994F /* ViewModels */ = {
			isa = PBXGroup;
			children = (
				C8F941FCD644F3B96C4DE5FE /* MainViewModel.swift */,
			);
			path = ViewModels;
			sourceTree = "<group>";
		};
		D66EDFC5EBEF67E21E5D2952 /* App */ = {
			isa = PBXGroup;
			children = (
				C071303F155CED1BE25884F8 /* Assets.xcassets */,
				28675BAE68D8879459413F66 /* ContentView.swift */,
				FB56F67A0692B624FB2EAD15 /* MacAudio-Bridging-Header.h */,
				875AA1DB05CFA642E4EACD32 /* MacAudioApp.swift */,
				DDA980CD58E30DC81C71C24C /* ManualPluginPathStore.swift */,
				5E6835C13BA2C54FF33B694D /* PluginEditorHost.swift */,
				7AB92B8ECC8CFECB0DE04D15 /* PresetStore.swift */,
				BA182B01CE6C2EEFAEADC7D6 /* RackGraphModels.swift */,
				B4DF41F31146180C5A8AA05E /* UI */,
				C1F5C28F655EB8ECC919994F /* ViewModels */,
			);
			path = App;
			sourceTree = "<group>";
		};
		E53BCFB8425297D3F3732E7E /* Driver */ = {
			isa = PBXGroup;
			children = (
				10406B201EEC1D494DE3E629 /* VirtualMicDriver.c */,
			);
			path = Driver;
			sourceTree = "<group>";
		};
/* End PBXGroup section */

/* Begin PBXNativeTarget section */
		3379ADEB44CF078EF5D8DCCF /* MacAudioTests */ = {
			isa = PBXNativeTarget;
			buildConfigurationList = 3D96B7C08AF3650EE4FE728C /* Build configuration list for PBXNativeTarget "MacAudioTests" */;
			buildPhases = (
				EF6286DECE0BB082B6E0B7AD /* Sources */,
			);
			buildRules = (
			);
			dependencies = (
				A89030A0A084340A705973A7 /* PBXTargetDependency */,
			);
			name = MacAudioTests;
			packageProductDependencies = (
			);
			productName = MacAudioTests;
			productReference = A01538671F2669D96208CA04 /* MacAudioTests.xctest */;
			productType = "com.apple.product-type.bundle.unit-test";
		};
		E048EAAC7755AB126E9AB051 /* VirtualMicDriver */ = {
			isa = PBXNativeTarget;
			buildConfigurationList = BE2F777CBBBAE2A148FF075C /* Build configuration list for PBXNativeTarget "VirtualMicDriver" */;
			buildPhases = (
				03971F4203273FC0F512A84C /* Sources */,
			);
			buildRules = (
			);
			dependencies = (
			);
			name = VirtualMicDriver;
			packageProductDependencies = (
			);
			productName = VirtualMicDriver;
			productReference = 1B3FEEA028DDC9E01F402EB6 /* VirtualMicDriver.bundle */;
			productType = "com.apple.product-type.bundle";
		};
		F11BFB7491618FE4E31285BB /* MacAudioApp */ = {
			isa = PBXNativeTarget;
			buildConfigurationList = 35304A2F753C1DAFB144354D /* Build configuration list for PBXNativeTarget "MacAudioApp" */;
			buildPhases = (
				F6CC394338620DD7FFBCA157 /* Sources */,
				CAF186B16E5B4550764CF571 /* Resources */,
			);
			buildRules = (
			);
			dependencies = (
			);
			name = MacAudioApp;
			packageProductDependencies = (
			);
			productName = MacAudioApp;
			productReference = A99B998E3863A3441192553A /* MacAudioApp.app */;
			productType = "com.apple.product-type.application";
		};
/* End PBXNativeTarget section */

/* Begin PBXProject section */
		3489115535AE1E3BB478EC61 /* Project object */ = {
			isa = PBXProject;
			attributes = {
				BuildIndependentTargetsInParallel = YES;
				LastUpgradeCheck = 1430;
				TargetAttributes = {
				};
			};
			buildConfigurationList = 02C3E1DF92285933EF19736D /* Build configuration list for PBXProject "MacAudio" */;
			developmentRegion = en;
			hasScannedForEncodings = 0;
			knownRegions = (
				Base,
				en,
			);
			mainGroup = 479735FD9333E41B1D6D3240;
			minimizedProjectReferenceProxies = 1;
			preferredProjectObjectVersion = 77;
			productRefGroup = 83C330AF51281F27D968A179 /* Products */;
			projectDirPath = "";
			projectRoot = "";
			targets = (
				F11BFB7491618FE4E31285BB /* MacAudioApp */,
				3379ADEB44CF078EF5D8DCCF /* MacAudioTests */,
				E048EAAC7755AB126E9AB051 /* VirtualMicDriver */,
			);
		};
/* End PBXProject section */

/* Begin PBXResourcesBuildPhase section */
		CAF186B16E5B4550764CF571 /* Resources */ = {
			isa = PBXResourcesBuildPhase;
			buildActionMask = 2147483647;
			files = (
				9DC74D0EE4FDEF0123A25954 /* Assets.xcassets in Resources */,
			);
			runOnlyForDeploymentPostprocessing = 0;
		};
/* End PBXResourcesBuildPhase section */

/* Begin PBXSourcesBuildPhase section */
		03971F4203273FC0F512A84C /* Sources */ = {
			isa = PBXSourcesBuildPhase;
			buildActionMask = 2147483647;
			files = (
				3BB4AFCC60532523E7402291 /* RealtimeParameterStore.c in Sources */,
				CAFE913A433AE15D1815C876 /* VirtualMicDriver.c in Sources */,
				6FEC68C99CE59A67E1D871A0 /* VirtualMicRingBuffer.c in Sources */,
			);
			runOnlyForDeploymentPostprocessing = 0;
		};
		EF6286DECE0BB082B6E0B7AD /* Sources */ = {
			isa = PBXSourcesBuildPhase;
			buildActionMask = 2147483647;
			files = (
				4B9418234FB01F4F8F195077 /* PluginCatalogTests.swift in Sources */,
				791E477A00E6F8C2D01CFE4F /* RackGraphTests.swift in Sources */,
			);
			runOnlyForDeploymentPostprocessing = 0;
		};
		F6CC394338620DD7FFBCA157 /* Sources */ = {
			isa = PBXSourcesBuildPhase;
			buildActionMask = 2147483647;
			files = (
				6BC379D5AA3485168BD165CB /* AudioDeviceCatalog.swift in Sources */,
				8DB43DE20DB766F408B102DE /* AudioEngineController.swift in Sources */,
				2354FC4C98274ABA22FA7106 /* ContentView.swift in Sources */,
				F801C423E82C7DFD6D6D3C76 /* DSPChain.c in Sources */,
				C11A6AC496B41395F41CD6CA /* MacAudioApp.swift in Sources */,
				66E4377379BDD1C4F68ECFC8 /* MainViewModel.swift in Sources */,
				F48086397AD374C2D39A3E1F /* ManualPluginPathStore.swift in Sources */,
				DD6AAFC5D9A09261C307BB53 /* Materials.swift in Sources */,
				83DA0AF07F2CDB8143668ADA /* PluginCatalog.swift in Sources */,
				65183B1061757A31E4007FC3 /* PluginEditorHost.swift in Sources */,
				BE6B85D7A6A22283546A2330 /* PresetStore.swift in Sources */,
				20F93663959B5ECFD48E7413 /* RackGraphModels.swift in Sources */,
				F412A5B0CB1810D860453B6D /* RealtimeParameterStore.c in Sources */,
				8B9A098EF2D50BB0D8CEF04C /* Spacing.swift in Sources */,
				569B1B546E9B72EFB1D58C31 /* Tokens.swift in Sources */,
				80CD825E6C1E57493AB2854A /* Typography.swift in Sources */,
				9B531001B7B051115962A760 /* VirtualMicRingBuffer.c in Sources */,
				DE92F390E75660CFB0B06882 /* VoiceProcessingSettings.swift in Sources */,
			);
			runOnlyForDeploymentPostprocessing = 0;
		};
/* End PBXSourcesBuildPhase section */

/* Begin PBXTargetDependency section */
		A89030A0A084340A705973A7 /* PBXTargetDependency */ = {
			isa = PBXTargetDependency;
			target = F11BFB7491618FE4E31285BB /* MacAudioApp */;
			targetProxy = 56E4E092BAA92F3D239F68B5 /* PBXContainerItemProxy */;
		};
/* End PBXTargetDependency section */

/* Begin XCBuildConfiguration section */
		12D1530FFC49C7C21AACBF92 /* Release */ = {
			isa = XCBuildConfiguration;
			buildSettings = {
				COMBINE_HIDPI_IMAGES = YES;
				GCC_SYMBOLS_PRIVATE_EXTERN = NO;
				HEADER_SEARCH_PATHS = "$(inherited) $(SRCROOT)/Shared/include";
				INFOPLIST_FILE = Driver/Info.plist;
				INSTALL_PATH = "/Library/Audio/Plug-Ins/HAL";
				LD_RUNPATH_SEARCH_PATHS = (
					"$(inherited)",
					"@executable_path/../Frameworks",
				);
				MACH_O_TYPE = mh_bundle;
				MACOSX_DEPLOYMENT_TARGET = 26.0;
				OTHER_LDFLAGS = "$(inherited) -framework CoreAudio -framework CoreFoundation";
				PRODUCT_BUNDLE_IDENTIFIER = com.skylarenns.macaudio.VirtualMicDriver;
				PRODUCT_NAME = VirtualMic;
				SDKROOT = macosx;
				SKIP_INSTALL = NO;
				SUPPORTED_PLATFORMS = macosx;
				SUPPORTS_MACCATALYST = NO;
				SUPPORTS_MAC_DESIGNED_FOR_IPHONE_IPAD = NO;
				TARGETED_DEVICE_FAMILY = "";
				WRAPPER_EXTENSION = driver;
			};
			name = Release;
		};
		2D540E50A877DEED77D31DC5 /* Debug */ = {
			isa = XCBuildConfiguration;
			buildSettings = {
				BUNDLE_LOADER = "$(TEST_HOST)";
				COMBINE_HIDPI_IMAGES = YES;
				GENERATE_INFOPLIST_FILE = YES;
				LD_RUNPATH_SEARCH_PATHS = (
					"$(inherited)",
					"@executable_path/../Frameworks",
					"@loader_path/../Frameworks",
				);
				MACOSX_DEPLOYMENT_TARGET = 26.0;
				PRODUCT_BUNDLE_IDENTIFIER = com.skylarenns.macaudio.tests;
				PRODUCT_NAME = MacAudioTests;
				SDKROOT = macosx;
				SUPPORTED_PLATFORMS = macosx;
				SUPPORTS_MACCATALYST = NO;
				SUPPORTS_MAC_DESIGNED_FOR_IPHONE_IPAD = NO;
				TARGETED_DEVICE_FAMILY = "";
				TEST_HOST = "$(BUILT_PRODUCTS_DIR)/MacAudio.app/Contents/MacOS/MacAudio";
			};
			name = Debug;
		};
		40706589C644C98D0987A9B0 /* Release */ = {
			isa = XCBuildConfiguration;
			buildSettings = {
				ASSETCATALOG_COMPILER_APPICON_NAME = AppIcon;
				CODE_SIGN_ENTITLEMENTS = App/App.entitlements;
				COMBINE_HIDPI_IMAGES = YES;
				ENABLE_HARDENED_RUNTIME = YES;
				HEADER_SEARCH_PATHS = "$(inherited) $(SRCROOT)/DSP/include $(SRCROOT)/Shared/include";
				INFOPLIST_FILE = App/Info.plist;
				LD_RUNPATH_SEARCH_PATHS = (
					"$(inherited)",
					"@executable_path/../Frameworks",
				);
				MACOSX_DEPLOYMENT_TARGET = 26.0;
				OTHER_LDFLAGS = "$(inherited) -framework Accelerate -framework AudioToolbox -framework AVFoundation -framework CoreAudio";
				PRODUCT_BUNDLE_IDENTIFIER = com.skylarenns.macaudio;
				PRODUCT_NAME = MacAudio;
				SDKROOT = macosx;
				SUPPORTED_PLATFORMS = macosx;
				SUPPORTS_MACCATALYST = NO;
				SUPPORTS_MAC_DESIGNED_FOR_IPHONE_IPAD = NO;
				SWIFT_OBJC_BRIDGING_HEADER = "App/MacAudio-Bridging-Header.h";
				TARGETED_DEVICE_FAMILY = "";
			};
			name = Release;
		};
		69D1AFA708AA60071D470437 /* Debug */ = {
			isa = XCBuildConfiguration;
			buildSettings = {
				ALWAYS_SEARCH_USER_PATHS = NO;
				ARCHS = arm64;
				CLANG_ANALYZER_NONNULL = YES;
				CLANG_ANALYZER_NUMBER_OBJECT_CONVERSION = YES_AGGRESSIVE;
				CLANG_CXX_LANGUAGE_STANDARD = "gnu++14";
				CLANG_CXX_LIBRARY = "libc++";
				CLANG_C_STANDARD = gnu17;
				CLANG_ENABLE_MODULES = YES;
				CLANG_ENABLE_OBJC_ARC = YES;
				CLANG_ENABLE_OBJC_WEAK = YES;
				CLANG_WARN_BLOCK_CAPTURE_AUTORELEASING = YES;
				CLANG_WARN_BOOL_CONVERSION = YES;
				CLANG_WARN_COMMA = YES;
				CLANG_WARN_CONSTANT_CONVERSION = YES;
				CLANG_WARN_DEPRECATED_OBJC_IMPLEMENTATIONS = YES;
				CLANG_WARN_DIRECT_OBJC_ISA_USAGE = YES_ERROR;
				CLANG_WARN_DOCUMENTATION_COMMENTS = YES;
				CLANG_WARN_EMPTY_BODY = YES;
				CLANG_WARN_ENUM_CONVERSION = YES;
				CLANG_WARN_INFINITE_RECURSION = YES;
				CLANG_WARN_INT_CONVERSION = YES;
				CLANG_WARN_NON_LITERAL_NULL_CONVERSION = YES;
				CLANG_WARN_OBJC_IMPLICIT_RETAIN_SELF = YES;
				CLANG_WARN_OBJC_LITERAL_CONVERSION = YES;
				CLANG_WARN_OBJC_ROOT_CLASS = YES_ERROR;
				CLANG_WARN_QUOTED_INCLUDE_IN_FRAMEWORK_HEADER = YES;
				CLANG_WARN_RANGE_LOOP_ANALYSIS = YES;
				CLANG_WARN_STRICT_PROTOTYPES = YES;
				CLANG_WARN_SUSPICIOUS_MOVE = YES;
				CLANG_WARN_UNGUARDED_AVAILABILITY = YES_AGGRESSIVE;
				CLANG_WARN_UNREACHABLE_CODE = YES;
				CLANG_WARN__DUPLICATE_METHOD_MATCH = YES;
				COPY_PHASE_STRIP = NO;
				DEBUG_INFORMATION_FORMAT = dwarf;
				ENABLE_STRICT_OBJC_MSGSEND = YES;
				ENABLE_TESTABILITY = YES;
				ENABLE_USER_SCRIPT_SANDBOXING = NO;
				"EXCLUDED_ARCHS[sdk=macosx*]" = x86_64;
				GCC_C_LANGUAGE_STANDARD = gnu11;
				GCC_DYNAMIC_NO_PIC = NO;
				GCC_NO_COMMON_BLOCKS = YES;
				GCC_OPTIMIZATION_LEVEL = 0;
				GCC_PREPROCESSOR_DEFINITIONS = (
					"$(inherited)",
					"DEBUG=1",
				);
				GCC_WARN_64_TO_32_BIT_CONVERSION = YES;
				GCC_WARN_ABOUT_RETURN_TYPE = YES_ERROR;
				GCC_WARN_UNDECLARED_SELECTOR = YES;
				GCC_WARN_UNINITIALIZED_AUTOS = YES_AGGRESSIVE;
				GCC_WARN_UNUSED_FUNCTION = YES;
				GCC_WARN_UNUSED_VARIABLE = YES;
				MACOSX_DEPLOYMENT_TARGET = 26.0;
				MTL_ENABLE_DEBUG_INFO = INCLUDE_SOURCE;
				MTL_FAST_MATH = YES;
				ONLY_ACTIVE_ARCH = YES;
				PRODUCT_NAME = "$(TARGET_NAME)";
				SDKROOT = macosx;
				SWIFT_ACTIVE_COMPILATION_CONDITIONS = DEBUG;
				SWIFT_OPTIMIZATION_LEVEL = "-Onone";
				SWIFT_STRICT_CONCURRENCY = complete;
				SWIFT_VERSION = 5.1;
				VALID_ARCHS = arm64;
			};
			name = Debug;
		};
		74F30A61080B611289DB1200 /* Release */ = {
			isa = XCBuildConfiguration;
			buildSettings = {
				BUNDLE_LOADER = "$(TEST_HOST)";
				COMBINE_HIDPI_IMAGES = YES;
				GENERATE_INFOPLIST_FILE = YES;
				LD_RUNPATH_SEARCH_PATHS = (
					"$(inherited)",
					"@executable_path/../Frameworks",
					"@loader_path/../Frameworks",
				);
				MACOSX_DEPLOYMENT_TARGET = 26.0;
				PRODUCT_BUNDLE_IDENTIFIER = com.skylarenns.macaudio.tests;
				PRODUCT_NAME = MacAudioTests;
				SDKROOT = macosx;
				SUPPORTED_PLATFORMS = macosx;
				SUPPORTS_MACCATALYST = NO;
				SUPPORTS_MAC_DESIGNED_FOR_IPHONE_IPAD = NO;
				TARGETED_DEVICE_FAMILY = "";
				TEST_HOST = "$(BUILT_PRODUCTS_DIR)/MacAudio.app/Contents/MacOS/MacAudio";
			};
			name = Release;
		};
		7905915C3D0E5CE623354412 /* Debug */ = {
			isa = XCBuildConfiguration;
			buildSettings = {
				ASSETCATALOG_COMPILER_APPICON_NAME = AppIcon;
				CODE_SIGN_ENTITLEMENTS = App/App.entitlements;
				COMBINE_HIDPI_IMAGES = YES;
				ENABLE_HARDENED_RUNTIME = YES;
				HEADER_SEARCH_PATHS = "$(inherited) $(SRCROOT)/DSP/include $(SRCROOT)/Shared/include";
				INFOPLIST_FILE = App/Info.plist;
				LD_RUNPATH_SEARCH_PATHS = (
					"$(inherited)",
					"@executable_path/../Frameworks",
				);
				MACOSX_DEPLOYMENT_TARGET = 26.0;
				OTHER_LDFLAGS = "$(inherited) -framework Accelerate -framework AudioToolbox -framework AVFoundation -framework CoreAudio";
				PRODUCT_BUNDLE_IDENTIFIER = com.skylarenns.macaudio;
				PRODUCT_NAME = MacAudio;
				SDKROOT = macosx;
				SUPPORTED_PLATFORMS = macosx;
				SUPPORTS_MACCATALYST = NO;
				SUPPORTS_MAC_DESIGNED_FOR_IPHONE_IPAD = NO;
				SWIFT_OBJC_BRIDGING_HEADER = "App/MacAudio-Bridging-Header.h";
				TARGETED_DEVICE_FAMILY = "";
			};
			name = Debug;
		};
		AD8E50D8A7CCFF2CEF8F0A45 /* Release */ = {
			isa = XCBuildConfiguration;
			buildSettings = {
				ALWAYS_SEARCH_USER_PATHS = NO;
				ARCHS = arm64;
				CLANG_ANALYZER_NONNULL = YES;
				CLANG_ANALYZER_NUMBER_OBJECT_CONVERSION = YES_AGGRESSIVE;
				CLANG_CXX_LANGUAGE_STANDARD = "gnu++14";
				CLANG_CXX_LIBRARY = "libc++";
				CLANG_C_STANDARD = gnu17;
				CLANG_ENABLE_MODULES = YES;
				CLANG_ENABLE_OBJC_ARC = YES;
				CLANG_ENABLE_OBJC_WEAK = YES;
				CLANG_WARN_BLOCK_CAPTURE_AUTORELEASING = YES;
				CLANG_WARN_BOOL_CONVERSION = YES;
				CLANG_WARN_COMMA = YES;
				CLANG_WARN_CONSTANT_CONVERSION = YES;
				CLANG_WARN_DEPRECATED_OBJC_IMPLEMENTATIONS = YES;
				CLANG_WARN_DIRECT_OBJC_ISA_USAGE = YES_ERROR;
				CLANG_WARN_DOCUMENTATION_COMMENTS = YES;
				CLANG_WARN_EMPTY_BODY = YES;
				CLANG_WARN_ENUM_CONVERSION = YES;
				CLANG_WARN_INFINITE_RECURSION = YES;
				CLANG_WARN_INT_CONVERSION = YES;
				CLANG_WARN_NON_LITERAL_NULL_CONVERSION = YES;
				CLANG_WARN_OBJC_IMPLICIT_RETAIN_SELF = YES;
				CLANG_WARN_OBJC_LITERAL_CONVERSION = YES;
				CLANG_WARN_OBJC_ROOT_CLASS = YES_ERROR;
				CLANG_WARN_QUOTED_INCLUDE_IN_FRAMEWORK_HEADER = YES;
				CLANG_WARN_RANGE_LOOP_ANALYSIS = YES;
				CLANG_WARN_STRICT_PROTOTYPES = YES;
				CLANG_WARN_SUSPICIOUS_MOVE = YES;
				CLANG_WARN_UNGUARDED_AVAILABILITY = YES_AGGRESSIVE;
				CLANG_WARN_UNREACHABLE_CODE = YES;
				CLANG_WARN__DUPLICATE_METHOD_MATCH = YES;
				COPY_PHASE_STRIP = NO;
				DEBUG_INFORMATION_FORMAT = "dwarf-with-dsym";
				ENABLE_NS_ASSERTIONS = NO;
				ENABLE_STRICT_OBJC_MSGSEND = YES;
				ENABLE_USER_SCRIPT_SANDBOXING = NO;
				"EXCLUDED_ARCHS[sdk=macosx*]" = x86_64;
				GCC_C_LANGUAGE_STANDARD = gnu11;
				GCC_NO_COMMON_BLOCKS = YES;
				GCC_WARN_64_TO_32_BIT_CONVERSION = YES;
				GCC_WARN_ABOUT_RETURN_TYPE = YES_ERROR;
				GCC_WARN_UNDECLARED_SELECTOR = YES;
				GCC_WARN_UNINITIALIZED_AUTOS = YES_AGGRESSIVE;
				GCC_WARN_UNUSED_FUNCTION = YES;
				GCC_WARN_UNUSED_VARIABLE = YES;
				MACOSX_DEPLOYMENT_TARGET = 26.0;
				MTL_ENABLE_DEBUG_INFO = NO;
				MTL_FAST_MATH = YES;
				PRODUCT_NAME = "$(TARGET_NAME)";
				SDKROOT = macosx;
				SWIFT_COMPILATION_MODE = wholemodule;
				SWIFT_OPTIMIZATION_LEVEL = "-O";
				SWIFT_STRICT_CONCURRENCY = complete;
				SWIFT_VERSION = 5.1;
				VALID_ARCHS = arm64;
			};
			name = Release;
		};
		FE2E8BF5DC0AE9319324F94C /* Debug */ = {
			isa = XCBuildConfiguration;
			buildSettings = {
				COMBINE_HIDPI_IMAGES = YES;
				GCC_SYMBOLS_PRIVATE_EXTERN = NO;
				HEADER_SEARCH_PATHS = "$(inherited) $(SRCROOT)/Shared/include";
				INFOPLIST_FILE = Driver/Info.plist;
				INSTALL_PATH = "/Library/Audio/Plug-Ins/HAL";
				LD_RUNPATH_SEARCH_PATHS = (
					"$(inherited)",
					"@executable_path/../Frameworks",
				);
				MACH_O_TYPE = mh_bundle;
				MACOSX_DEPLOYMENT_TARGET = 26.0;
				OTHER_LDFLAGS = "$(inherited) -framework CoreAudio -framework CoreFoundation";
				PRODUCT_BUNDLE_IDENTIFIER = com.skylarenns.macaudio.VirtualMicDriver;
				PRODUCT_NAME = VirtualMic;
				SDKROOT = macosx;
				SKIP_INSTALL = NO;
				SUPPORTED_PLATFORMS = macosx;
				SUPPORTS_MACCATALYST = NO;
				SUPPORTS_MAC_DESIGNED_FOR_IPHONE_IPAD = NO;
				TARGETED_DEVICE_FAMILY = "";
				WRAPPER_EXTENSION = driver;
			};
			name = Debug;
		};
/* End XCBuildConfiguration section */

/* Begin XCConfigurationList section */
		02C3E1DF92285933EF19736D /* Build configuration list for PBXProject "MacAudio" */ = {
			isa = XCConfigurationList;
			buildConfigurations = (
				69D1AFA708AA60071D470437 /* Debug */,
				AD8E50D8A7CCFF2CEF8F0A45 /* Release */,
			);
			defaultConfigurationIsVisible = 0;
			defaultConfigurationName = Debug;
		};
		35304A2F753C1DAFB144354D /* Build configuration list for PBXNativeTarget "MacAudioApp" */ = {
			isa = XCConfigurationList;
			buildConfigurations = (
				7905915C3D0E5CE623354412 /* Debug */,
				40706589C644C98D0987A9B0 /* Release */,
			);
			defaultConfigurationIsVisible = 0;
			defaultConfigurationName = Debug;
		};
		3D96B7C08AF3650EE4FE728C /* Build configuration list for PBXNativeTarget "MacAudioTests" */ = {
			isa = XCConfigurationList;
			buildConfigurations = (
				2D540E50A877DEED77D31DC5 /* Debug */,
				74F30A61080B611289DB1200 /* Release */,
			);
			defaultConfigurationIsVisible = 0;
			defaultConfigurationName = Debug;
		};
		BE2F777CBBBAE2A148FF075C /* Build configuration list for PBXNativeTarget "VirtualMicDriver" */ = {
			isa = XCConfigurationList;
			buildConfigurations = (
				FE2E8BF5DC0AE9319324F94C /* Debug */,
				12D1530FFC49C7C21AACBF92 /* Release */,
			);
			defaultConfigurationIsVisible = 0;
			defaultConfigurationName = Debug;
		};
/* End XCConfigurationList section */
	};
	rootObject = 3489115535AE1E3BB478EC61 /* Project object */;
}
